
Microsoft Visual Studio Solution File, Format Version 12.00
# Visual Studio Version 17
VisualStudioVersion = 17.9.34728.123
MinimumVisualStudioVersion = 10.0.40219.1
Project("{FAE04EC0-301F-11D3-BF4B-00C04F79EFBC}") = "KingICT.Tickets.B2CPortalWebApi", "KingICT.Tickets.B2CPortalWebApi\KingICT.Tickets.B2CPortalWebApi.csproj", "{D7144AA7-2D3D-4D89-8483-080356ECF22D}"
EndProject
Project("{2150E333-8FDC-42A3-9474-1A3956D46DE8}") = "Tickets", "Tickets", "{CB0BEF81-4249-49E0-9C21-5200128E544B}"
EndProject
Project("{FAE04EC0-301F-11D3-BF4B-00C04F79EFBC}") = "KingICT.Tickets.ServiceLayer", "KingICT.Tickets.ServiceLayer\KingICT.Tickets.ServiceLayer.csproj", "{AD926C51-7EB6-4046-A7EC-F46F7BAA2756}"
EndProject
Project("{FAE04EC0-301F-11D3-BF4B-00C04F79EFBC}") = "KingICT.Tickets.BusinessLogic", "KingICT.Tickets.BusinessLogic\KingICT.Tickets.BusinessLogic.csproj", "{5330DCD0-0AB9-499D-8019-29FB6EEF8E31}"
EndProject
Project("{FAE04EC0-301F-11D3-BF4B-00C04F79EFBC}") = "KingICT.Tickets.Tests", "KingICT.Tickets.Tests\KingICT.Tickets.Tests.csproj", "{8EC0B7FF-387F-43F1-8DB3-CFE1B1A9B132}"
EndProject
Project("{FAE04EC0-301F-11D3-BF4B-00C04F79EFBC}") = "KingICT.Tickets.BackOfficeApp", "KingICT.Tickets.BackOfficeApp\KingICT.Tickets.BackOfficeApp.csproj", "{D7142D50-3A90-462A-986C-54D74A91108C}"
EndProject
Project("{FAE04EC0-301F-11D3-BF4B-00C04F79EFBC}") = "KingICT.Tickets.TicketControlWebApi", "KingICT.Tickets.TicketControlWebApi\KingICT.Tickets.TicketControlWebApi.csproj", "{6B069D43-DEDC-485E-8DA7-47866741CA3E}"
EndProject
Project("{FAE04EC0-301F-11D3-BF4B-00C04F79EFBC}") = "KingICT.Tickets.Common", "KingICT.Tickets.Common\KingICT.Tickets.Common.csproj", "{240076AB-6D5E-4B73-96E8-784298E56240}"
EndProject
Project("{2150E333-8FDC-42A3-9474-1A3956D46DE8}") = "Drivers", "Drivers", "{0956B88E-DFF7-47F8-BAFD-EC2BE53BEEDE}"
EndProject
Project("{2150E333-8FDC-42A3-9474-1A3956D46DE8}") = "Mechanization", "Mechanization", "{FDC35B26-CCBC-4129-904A-570B0AFE167D}"
EndProject
Project("{2150E333-8FDC-42A3-9474-1A3956D46DE8}") = "Sales", "Sales", "{63506F58-5C90-4BCC-9CEE-A7E643D58D10}"
EndProject
Project("{2150E333-8FDC-42A3-9474-1A3956D46DE8}") = "Purchase", "Purchase", "{D222BE8A-EECE-4B2A-A4DE-AC43DAAA9E74}"
EndProject
Global
	GlobalSection(SolutionConfigurationPlatforms) = preSolution
		Debug|Any CPU = Debug|Any CPU
		Release|Any CPU = Release|Any CPU
	EndGlobalSection
	GlobalSection(ProjectConfigurationPlatforms) = postSolution
		{D7144AA7-2D3D-4D89-8483-080356ECF22D}.Debug|Any CPU.ActiveCfg = Debug|Any CPU
		{D7144AA7-2D3D-4D89-8483-080356ECF22D}.Debug|Any CPU.Build.0 = Debug|Any CPU
		{D7144AA7-2D3D-4D89-8483-080356ECF22D}.Release|Any CPU.ActiveCfg = Release|Any CPU
		{D7144AA7-2D3D-4D89-8483-080356ECF22D}.Release|Any CPU.Build.0 = Release|Any CPU
		{AD926C51-7EB6-4046-A7EC-F46F7BAA2756}.Debug|Any CPU.ActiveCfg = Debug|Any CPU
		{AD926C51-7EB6-4046-A7EC-F46F7BAA2756}.Debug|Any CPU.Build.0 = Debug|Any CPU
		{AD926C51-7EB6-4046-A7EC-F46F7BAA2756}.Release|Any CPU.ActiveCfg = Release|Any CPU
		{AD926C51-7EB6-4046-A7EC-F46F7BAA2756}.Release|Any CPU.Build.0 = Release|Any CPU
		{5330DCD0-0AB9-499D-8019-29FB6EEF8E31}.Debug|Any CPU.ActiveCfg = Debug|Any CPU
		{5330DCD0-0AB9-499D-8019-29FB6EEF8E31}.Debug|Any CPU.Build.0 = Debug|Any CPU
		{5330DCD0-0AB9-499D-8019-29FB6EEF8E31}.Release|Any CPU.ActiveCfg = Release|Any CPU
		{5330DCD0-0AB9-499D-8019-29FB6EEF8E31}.Release|Any CPU.Build.0 = Release|Any CPU
		{8EC0B7FF-387F-43F1-8DB3-CFE1B1A9B132}.Debug|Any CPU.ActiveCfg = Debug|Any CPU
		{8EC0B7FF-387F-43F1-8DB3-CFE1B1A9B132}.Debug|Any CPU.Build.0 = Debug|Any CPU
		{8EC0B7FF-387F-43F1-8DB3-CFE1B1A9B132}.Release|Any CPU.ActiveCfg = Release|Any CPU
		{8EC0B7FF-387F-43F1-8DB3-CFE1B1A9B132}.Release|Any CPU.Build.0 = Release|Any CPU
		{D7142D50-3A90-462A-986C-54D74A91108C}.Debug|Any CPU.ActiveCfg = Debug|Any CPU
		{D7142D50-3A90-462A-986C-54D74A91108C}.Debug|Any CPU.Build.0 = Debug|Any CPU
		{D7142D50-3A90-462A-986C-54D74A91108C}.Release|Any CPU.ActiveCfg = Release|Any CPU
		{D7142D50-3A90-462A-986C-54D74A91108C}.Release|Any CPU.Build.0 = Release|Any CPU
		{6B069D43-DEDC-485E-8DA7-47866741CA3E}.Debug|Any CPU.ActiveCfg = Debug|Any CPU
		{6B069D43-DEDC-485E-8DA7-47866741CA3E}.Debug|Any CPU.Build.0 = Debug|Any CPU
		{6B069D43-DEDC-485E-8DA7-47866741CA3E}.Release|Any CPU.ActiveCfg = Release|Any CPU
		{6B069D43-DEDC-485E-8DA7-47866741CA3E}.Release|Any CPU.Build.0 = Release|Any CPU
		{240076AB-6D5E-4B73-96E8-784298E56240}.Debug|Any CPU.ActiveCfg = Debug|Any CPU
		{240076AB-6D5E-4B73-96E8-784298E56240}.Debug|Any CPU.Build.0 = Debug|Any CPU
		{240076AB-6D5E-4B73-96E8-784298E56240}.Release|Any CPU.ActiveCfg = Release|Any CPU
		{240076AB-6D5E-4B73-96E8-784298E56240}.Release|Any CPU.Build.0 = Release|Any CPU
	EndGlobalSection
	GlobalSection(SolutionProperties) = preSolution
		HideSolutionNode = FALSE
	EndGlobalSection
	GlobalSection(NestedProjects) = preSolution
		{D7144AA7-2D3D-4D89-8483-080356ECF22D} = {CB0BEF81-4249-49E0-9C21-5200128E544B}
		{AD926C51-7EB6-4046-A7EC-F46F7BAA2756} = {CB0BEF81-4249-49E0-9C21-5200128E544B}
		{5330DCD0-0AB9-499D-8019-29FB6EEF8E31} = {CB0BEF81-4249-49E0-9C21-5200128E544B}
		{8EC0B7FF-387F-43F1-8DB3-CFE1B1A9B132} = {CB0BEF81-4249-49E0-9C21-5200128E544B}
		{D7142D50-3A90-462A-986C-54D74A91108C} = {CB0BEF81-4249-49E0-9C21-5200128E544B}
		{6B069D43-DEDC-485E-8DA7-47866741CA3E} = {CB0BEF81-4249-49E0-9C21-5200128E544B}
		{240076AB-6D5E-4B73-96E8-784298E56240} = {CB0BEF81-4249-49E0-9C21-5200128E544B}
	EndGlobalSection
	GlobalSection(ExtensibilityGlobals) = postSolution
		SolutionGuid = {EE4B5C39-99ED-4606-9991-987419053EB3}
	EndGlobalSection
EndGlobal
